
Microsoft Visual Studio Solution File, Format Version 12.00
# Visual Studio 15
VisualStudioVersion = 15.0.28307.421
MinimumVisualStudioVersion = 10.0.40219.1
Project("{9A19103F-16F7-4668-BE54-9A1E7A4F7556}") = "ReadExcelPOC", "ReadExcelPOC\ReadExcelPOC.csproj", "{D177C2C7-CDC0-40F8-8F2B-10BA8C7AD61A}"
EndProject
Project("{FAE04EC0-301F-11D3-BF4B-00C04F79EFBC}") = "QQQidian", "QQQidian\QQQidian.csproj", "{DCF0B81B-E840-47AC-95B1-EDC738EC0B59}"
EndProject
Global
	GlobalSection(SolutionConfigurationPlatforms) = preSolution
		Debug|Any CPU = Debug|Any CPU
		Release|Any CPU = Release|Any CPU
	EndGlobalSection
	GlobalSection(ProjectConfigurationPlatforms) = postSolution
		{D177C2C7-CDC0-40F8-8F2B-10BA8C7AD61A}.Debug|Any CPU.ActiveCfg = Debug|Any CPU
		{D177C2C7-CDC0-40F8-8F2B-10BA8C7AD61A}.Debug|Any CPU.Build.0 = Debug|Any CPU
		{D177C2C7-CDC0-40F8-8F2B-10BA8C7AD61A}.Release|Any CPU.ActiveCfg = Release|Any CPU
		{D177C2C7-CDC0-40F8-8F2B-10BA8C7AD61A}.Release|Any CPU.Build.0 = Release|Any CPU
		{DCF0B81B-E840-47AC-95B1-EDC738EC0B59}.Debug|Any CPU.ActiveCfg = Debug|Any CPU
		{DCF0B81B-E840-47AC-95B1-EDC738EC0B59}.Debug|Any CPU.Build.0 = Debug|Any CPU
		{DCF0B81B-E840-47AC-95B1-EDC738EC0B59}.Release|Any CPU.ActiveCfg = Release|Any CPU
		{DCF0B81B-E840-47AC-95B1-EDC738EC0B59}.Release|Any CPU.Build.0 = Release|Any CPU
	EndGlobalSection
	GlobalSection(SolutionProperties) = preSolution
		HideSolutionNode = FALSE
	EndGlobalSection
	GlobalSection(ExtensibilityGlobals) = postSolution
		SolutionGuid = {C8A17210-6072-4D1B-BDEA-8693DD5EFB89}
	EndGlobalSection
EndGlobal
